
Microsoft Visual Studio Solution File, Format Version 12.00
# Visual Studio 14
VisualStudioVersion = 14.0.25420.1
MinimumVisualStudioVersion = 10.0.40219.1
Project("{8BC9CEB8-8B4A-11D0-8D11-00A0C91BC942}") = "Lab 4 - Exercise1(variant 1)", "Lab 4 - Exercise1(variant 1)\Lab 4 - Exercise1(variant 1).vcxproj", "{DAEEA5CB-DC4B-49F4-A8A4-D26EF676B1F8}"
EndProject
Project("{8BC9CEB8-8B4A-11D0-8D11-00A0C91BC942}") = "Test", "Test\Test.vcxproj", "{FE731717-0C50-4D88-8621-A54E3C51F3FD}"
EndProject
Global
	GlobalSection(SolutionConfigurationPlatforms) = preSolution
		Debug|x64 = Debug|x64
		Debug|x86 = Debug|x86
		Release|x64 = Release|x64
		Release|x86 = Release|x86
	EndGlobalSection
	GlobalSection(ProjectConfigurationPlatforms) = postSolution
		{DAEEA5CB-DC4B-49F4-A8A4-D26EF676B1F8}.Debug|x64.ActiveCfg = Debug|x64
		{DAEEA5CB-DC4B-49F4-A8A4-D26EF676B1F8}.Debug|x64.Build.0 = Debug|x64
		{DAEEA5CB-DC4B-49F4-A8A4-D26EF676B1F8}.Debug|x86.ActiveCfg = Debug|Win32
		{DAEEA5CB-DC4B-49F4-A8A4-D26EF676B1F8}.Debug|x86.Build.0 = Debug|Win32
		{DAEEA5CB-DC4B-49F4-A8A4-D26EF676B1F8}.Release|x64.ActiveCfg = Release|x64
		{DAEEA5CB-DC4B-49F4-A8A4-D26EF676B1F8}.Release|x64.Build.0 = Release|x64
		{DAEEA5CB-DC4B-49F4-A8A4-D26EF676B1F8}.Release|x86.ActiveCfg = Release|Win32
		{DAEEA5CB-DC4B-49F4-A8A4-D26EF676B1F8}.Release|x86.Build.0 = Release|Win32
		{FE731717-0C50-4D88-8621-A54E3C51F3FD}.Debug|x64.ActiveCfg = Debug|x64
		{FE731717-0C50-4D88-8621-A54E3C51F3FD}.Debug|x64.Build.0 = Debug|x64
		{FE731717-0C50-4D88-8621-A54E3C51F3FD}.Debug|x86.ActiveCfg = Debug|Win32
		{FE731717-0C50-4D88-8621-A54E3C51F3FD}.Debug|x86.Build.0 = Debug|Win32
		{FE731717-0C50-4D88-8621-A54E3C51F3FD}.Release|x64.ActiveCfg = Release|x64
		{FE731717-0C50-4D88-8621-A54E3C51F3FD}.Release|x64.Build.0 = Release|x64
		{FE731717-0C50-4D88-8621-A54E3C51F3FD}.Release|x86.ActiveCfg = Release|Win32
		{FE731717-0C50-4D88-8621-A54E3C51F3FD}.Release|x86.Build.0 = Release|Win32
	EndGlobalSection
	GlobalSection(SolutionProperties) = preSolution
		HideSolutionNode = FALSE
	EndGlobalSection
EndGlobal
